// !$*UTF8*$!
{
	archiveVersion = 1;
	classes = {
	};
	objectVersion = 46;
	objects = {

/* Begin PBXBuildFile section */
		C47F803C193E627F00A57B51 /* AppDelegate.swift in Sources */ = {isa = PBXBuildFile; fileRef = C47F803B193E627F00A57B51 /* AppDelegate.swift */; };
		C47F803E193E627F00A57B51 /* Images.xcassets in Resources */ = {isa = PBXBuildFile; fileRef = C47F803D193E627F00A57B51 /* Images.xcassets */; };
		C47F804A193E627F00A57B51 /* Reddit_Scan_SwiftTests.swift in Sources */ = {isa = PBXBuildFile; fileRef = C47F8049193E627F00A57B51 /* Reddit_Scan_SwiftTests.swift */; };
/* End PBXBuildFile section */

/* Begin PBXContainerItemProxy section */
		C47F8044193E627F00A57B51 /* PBXContainerItemProxy */ = {
			isa = PBXContainerItemProxy;
			containerPortal = C47F802E193E627F00A57B51 /* Project object */;
			proxyType = 1;
			remoteGlobalIDString = C47F8035193E627F00A57B51;
			remoteInfo = "Reddit Scan Swift";
		};
/* End PBXContainerItemProxy section */

/* Begin PBXFileReference section */
		C47F8036193E627F00A57B51 /* Reddit Scan Swift.app */ = {isa = PBXFileReference; explicitFileType = wrapper.application; includeInIndex = 0; path = "Reddit Scan Swift.app"; sourceTree = BUILT_PRODUCTS_DIR; };
		C47F803A193E627F00A57B51 /* Info.plist */ = {isa = PBXFileReference; lastKnownFileType = text.plist.xml; path = Info.plist; sourceTree = "<group>"; };
		C47F803B193E627F00A57B51 /* AppDelegate.swift */ = {isa = PBXFileReference; lastKnownFileType = sourcecode.swift; path = AppDelegate.swift; sourceTree = "<group>"; };
		C47F803D193E627F00A57B51 /* Images.xcassets */ = {isa = PBXFileReference; lastKnownFileType = folder.assetcatalog; path = Images.xcassets; sourceTree = "<group>"; };
		C47F8043193E627F00A57B51 /* Reddit Scan SwiftTests.xctest */ = {isa = PBXFileReference; explicitFileType = wrapper.cfbundle; includeInIndex = 0; path = "Reddit Scan SwiftTests.xctest"; sourceTree = BUILT_PRODUCTS_DIR; };
		C47F8048193E627F00A57B51 /* Info.plist */ = {isa = PBXFileReference; lastKnownFileType = text.plist.xml; path = Info.plist; sourceTree = "<group>"; };
		C47F8049193E627F00A57B51 /* Reddit_Scan_SwiftTests.swift */ = {isa = PBXFileReference; lastKnownFileType = sourcecode.swift; path = Reddit_Scan_SwiftTests.swift; sourceTree = "<group>"; };
/* End PBXFileReference section */

/* Begin PBXFrameworksBuildPhase section */
		C47F8033193E627F00A57B51 /* Frameworks */ = {
			isa = PBXFrameworksBuildPhase;
			buildActionMask = 2147483647;
			files = (
			);
			runOnlyForDeploymentPostprocessing = 0;
		};
		C47F8040193E627F00A57B51 /* Frameworks */ = {
			isa = PBXFrameworksBuildPhase;
			buildActionMask = 2147483647;
			files = (
			);
			runOnlyForDeploymentPostprocessing = 0;
		};
/* End PBXFrameworksBuildPhase section */

/* Begin PBXGroup section */
		C47F802D193E627F00A57B51 = {
			isa = PBXGroup;
			children = (
				C47F8038193E627F00A57B51 /* Reddit Scan Swift */,
				C47F8046193E627F00A57B51 /* Reddit Scan SwiftTests */,
				C47F8037193E627F00A57B51 /* Products */,
			);
			sourceTree = "<group>";
		};
		C47F8037193E627F00A57B51 /* Products */ = {
			isa = PBXGroup;
			children = (
				C47F8036193E627F00A57B51 /* Reddit Scan Swift.app */,
				C47F8043193E627F00A57B51 /* Reddit Scan SwiftTests.xctest */,
			);
			name = Products;
			sourceTree = "<group>";
		};
		C47F8038193E627F00A57B51 /* Reddit Scan Swift */ = {
			isa = PBXGroup;
			children = (
				C47F803B193E627F00A57B51 /* AppDelegate.swift */,
				C47F803D193E627F00A57B51 /* Images.xcassets */,
				C47F8039193E627F00A57B51 /* Supporting Files */,
			);
			path = "Reddit Scan Swift";
			sourceTree = "<group>";
		};
		C47F8039193E627F00A57B51 /* Supporting Files */ = {
			isa = PBXGroup;
			children = (
				C47F803A193E627F00A57B51 /* Info.plist */,
			);
			name = "Supporting Files";
			sourceTree = "<group>";
		};
		C47F8046193E627F00A57B51 /* Reddit Scan SwiftTests */ = {
			isa = PBXGroup;
			children = (
				C47F8049193E627F00A57B51 /* Reddit_Scan_SwiftTests.swift */,
				C47F8047193E627F00A57B51 /* Supporting Files */,
			);
			path = "Reddit Scan SwiftTests";
			sourceTree = "<group>";
		};
		C47F8047193E627F00A57B51 /* Supporting Files */ = {
			isa = PBXGroup;
			children = (
				C47F8048193E627F00A57B51 /* Info.plist */,
			);
			name = "Supporting Files";
			sourceTree = "<group>";
		};
/* End PBXGroup section */

/* Begin PBXNativeTarget section */
		C47F8035193E627F00A57B51 /* Reddit Scan Swift */ = {
			isa = PBXNativeTarget;
			buildConfigurationList = C47F804D193E627F00A57B51 /* Build configuration list for PBXNativeTarget "Reddit Scan Swift" */;
			buildPhases = (
				C47F8032193E627F00A57B51 /* Sources */,
				C47F8033193E627F00A57B51 /* Frameworks */,
				C47F8034193E627F00A57B51 /* Resources */,
			);
			buildRules = (
			);
			dependencies = (
			);
			name = "Reddit Scan Swift";
			productName = "Reddit Scan Swift";
			productReference = C47F8036193E627F00A57B51 /* Reddit Scan Swift.app */;
			productType = "com.apple.product-type.application";
		};
		C47F8042193E627F00A57B51 /* Reddit Scan SwiftTests */ = {
			isa = PBXNativeTarget;
			buildConfigurationList = C47F8050193E627F00A57B51 /* Build configuration list for PBXNativeTarget "Reddit Scan SwiftTests" */;
			buildPhases = (
				C47F803F193E627F00A57B51 /* Sources */,
				C47F8040193E627F00A57B51 /* Frameworks */,
				C47F8041193E627F00A57B51 /* Resources */,
			);
			buildRules = (
			);
			dependencies = (
				C47F8045193E627F00A57B51 /* PBXTargetDependency */,
			);
			name = "Reddit Scan SwiftTests";
			productName = "Reddit Scan SwiftTests";
			productReference = C47F8043193E627F00A57B51 /* Reddit Scan SwiftTests.xctest */;
			productType = "com.apple.product-type.bundle.unit-test";
		};
/* End PBXNativeTarget section */

/* Begin PBXProject section */
		C47F802E193E627F00A57B51 /* Project object */ = {
			isa = PBXProject;
			attributes = {
				LastUpgradeCheck = 0600;
				ORGANIZATIONNAME = "Hector Rodriguez";
				TargetAttributes = {
					C47F8035193E627F00A57B51 = {
						CreatedOnToolsVersion = 6.0;
					};
					C47F8042193E627F00A57B51 = {
						CreatedOnToolsVersion = 6.0;
						TestTargetID = C47F8035193E627F00A57B51;
					};
				};
			};
			buildConfigurationList = C47F8031193E627F00A57B51 /* Build configuration list for PBXProject "Reddit Scan Swift" */;
			compatibilityVersion = "Xcode 3.2";
			developmentRegion = English;
			hasScannedForEncodings = 0;
			knownRegions = (
				en,
			);
			mainGroup = C47F802D193E627F00A57B51;
			productRefGroup = C47F8037193E627F00A57B51 /* Products */;
			projectDirPath = "";
			projectRoot = "";
			targets = (
				C47F8035193E627F00A57B51 /* Reddit Scan Swift */,
				C47F8042193E627F00A57B51 /* Reddit Scan SwiftTests */,
			);
		};
/* End PBXProject section */

/* Begin PBXResourcesBuildPhase section */
		C47F8034193E627F00A57B51 /* Resources */ = {
			isa = PBXResourcesBuildPhase;
			buildActionMask = 2147483647;
			files = (
				C47F803E193E627F00A57B51 /* Images.xcassets in Resources */,
			);
			runOnlyForDeploymentPostprocessing = 0;
		};
		C47F8041193E627F00A57B51 /* Resources */ = {
			isa = PBXResourcesBuildPhase;
			buildActionMask = 2147483647;
			files = (
			);
			runOnlyForDeploymentPostprocessing = 0;
		};
/* End PBXResourcesBuildPhase section */

/* Begin PBXSourcesBuildPhase section */
		C47F8032193E627F00A57B51 /* Sources */ = {
			isa = PBXSourcesBuildPhase;
			buildActionMask = 2147483647;
			files = (
				C47F803C193E627F00A57B51 /* AppDelegate.swift in Sources */,
			);
			runOnlyForDeploymentPostprocessing = 0;
		};
		C47F803F193E627F00A57B51 /* Sources */ = {
			isa = PBXSourcesBuildPhase;
			buildActionMask = 2147483647;
			files = (
				C47F804A193E627F00A57B51 /* Reddit_Scan_SwiftTests.swift in Sources */,
			);
			runOnlyForDeploymentPostprocessing = 0;
		};
/* End PBXSourcesBuildPhase section */

/* Begin PBXTargetDependency section */
		C47F8045193E627F00A57B51 /* PBXTargetDependency */ = {
			isa = PBXTargetDependency;
			target = C47F8035193E627F00A57B51 /* Reddit Scan Swift */;
			targetProxy = C47F8044193E627F00A57B51 /* PBXContainerItemProxy */;
		};
/* End PBXTargetDependency section */

/* Begin XCBuildConfiguration section */
		C47F804B193E627F00A57B51 /* Debug */ = {
			isa = XCBuildConfiguration;
			buildSettings = {
				ALWAYS_SEARCH_USER_PATHS = NO;
				CLANG_CXX_LANGUAGE_STANDARD = "gnu++0x";
				CLANG_CXX_LIBRARY = "libc++";
				CLANG_ENABLE_MODULES = YES;
				CLANG_ENABLE_OBJC_ARC = YES;
				CLANG_WARN_BOOL_CONVERSION = YES;
				CLANG_WARN_CONSTANT_CONVERSION = YES;
				CLANG_WARN_DIRECT_OBJC_ISA_USAGE = YES_ERROR;
				CLANG_WARN_EMPTY_BODY = YES;
				CLANG_WARN_ENUM_CONVERSION = YES;
				CLANG_WARN_INT_CONVERSION = YES;
				CLANG_WARN_OBJC_ROOT_CLASS = YES_ERROR;
				CLANG_WARN_UNREACHABLE_CODE = YES;
				CLANG_WARN__DUPLICATE_METHOD_MATCH = YES;
				"CODE_SIGN_IDENTITY[sdk=iphoneos*]" = "iPhone Developer";
				COPY_PHASE_STRIP = NO;
				ENABLE_STRICT_OBJC_MSGSEND = YES;
				GCC_C_LANGUAGE_STANDARD = gnu99;
				GCC_DYNAMIC_NO_PIC = NO;
				GCC_OPTIMIZATION_LEVEL = 0;
				GCC_PREPROCESSOR_DEFINITIONS = (
					"DEBUG=1",
					"$(inherited)",
				);
				GCC_SYMBOLS_PRIVATE_EXTERN = NO;
				GCC_WARN_64_TO_32_BIT_CONVERSION = YES;
				GCC_WARN_ABOUT_RETURN_TYPE = YES_ERROR;
				GCC_WARN_UNDECLARED_SELECTOR = YES;
				GCC_WARN_UNINITIALIZED_AUTOS = YES_AGGRESSIVE;
				GCC_WARN_UNUSED_FUNCTION = YES;
				GCC_WARN_UNUSED_VARIABLE = YES;
				IPHONEOS_DEPLOYMENT_TARGET = 8.0;
				METAL_ENABLE_DEBUG_INFO = YES;
				ONLY_ACTIVE_ARCH = YES;
				SDKROOT = iphoneos;
				SWIFT_OPTIMIZATION_LEVEL = "-Onone";
			};
			name = Debug;
		};
		C47F804C193E627F00A57B51 /* Release */ = {
			isa = XCBuildConfiguration;
			buildSettings = {
				ALWAYS_SEARCH_USER_PATHS = NO;
				CLANG_CXX_LANGUAGE_STANDARD = "gnu++0x";
				CLANG_CXX_LIBRARY = "libc++";
				CLANG_ENABLE_MODULES = YES;
				CLANG_ENABLE_OBJC_ARC = YES;
				CLANG_WARN_BOOL_CONVERSION = YES;
				CLANG_WARN_CONSTANT_CONVERSION = YES;
				CLANG_WARN_DIRECT_OBJC_ISA_USAGE = YES_ERROR;
				CLANG_WARN_EMPTY_BODY = YES;
				CLANG_WARN_ENUM_CONVERSION = YES;
				CLANG_WARN_INT_CONVERSION = YES;
				CLANG_WARN_OBJC_ROOT_CLASS = YES_ERROR;
				CLANG_WARN_UNREACHABLE_CODE = YES;
				CLANG_WARN__DUPLICATE_METHOD_MATCH = YES;
				"CODE_SIGN_IDENTITY[sdk=iphoneos*]" = "iPhone Developer";
				COPY_PHASE_STRIP = YES;
				ENABLE_NS_ASSERTIONS = NO;
				ENABLE_STRICT_OBJC_MSGSEND = YES;
				GCC_C_LANGUAGE_STANDARD = gnu99;
				GCC_WARN_64_TO_32_BIT_CONVERSION = YES;
				GCC_WARN_ABOUT_RETURN_TYPE = YES_ERROR;
				GCC_WARN_UNDECLARED_SELECTOR = YES;
				GCC_WARN_UNINITIALIZED_AUTOS = YES_AGGRESSIVE;
				GCC_WARN_UNUSED_FUNCTION = YES;
				GCC_WARN_UNUSED_VARIABLE = YES;
				IPHONEOS_DEPLOYMENT_TARGET = 8.0;
				METAL_ENABLE_DEBUG_INFO = NO;
				SDKROOT = iphoneos;
				VALIDATE_PRODUCT = YES;
			};
			name = Release;
		};
		C47F804E193E627F00A57B51 /* Debug */ = {
			isa = XCBuildConfiguration;
			buildSettings = {
				ASSETCATALOG_COMPILER_APPICON_NAME = AppIcon;
				ASSETCATALOG_COMPILER_LAUNCHIMAGE_NAME = LaunchImage;
				INFOPLIST_FILE = "Reddit Scan Swift/Info.plist";
				LD_RUNPATH_SEARCH_PATHS = "$(inherited) @executable_path/Frameworks";
				PRODUCT_NAME = "$(TARGET_NAME)";
			};
			name = Debug;
		};
		C47F804F193E627F00A57B51 /* Release */ = {
			isa = XCBuildConfiguration;
			buildSettings = {
				ASSETCATALOG_COMPILER_APPICON_NAME = AppIcon;
				ASSETCATALOG_COMPILER_LAUNCHIMAGE_NAME = LaunchImage;
				INFOPLIST_FILE = "Reddit Scan Swift/Info.plist";
				LD_RUNPATH_SEARCH_PATHS = "$(inherited) @executable_path/Frameworks";
				PRODUCT_NAME = "$(TARGET_NAME)";
			};
			name = Release;
		};
		C47F8051193E627F00A57B51 /* Debug */ = {
			isa = XCBuildConfiguration;
			buildSettings = {
				BUNDLE_LOADER = "$(BUILT_PRODUCTS_DIR)/Reddit Scan Swift.app/Reddit Scan Swift";
				FRAMEWORK_SEARCH_PATHS = (
					"$(SDKROOT)/Developer/Library/Frameworks",
					"$(inherited)",
				);
				GCC_PREPROCESSOR_DEFINITIONS = (
					"DEBUG=1",
					"$(inherited)",
				);
				INFOPLIST_FILE = "Reddit Scan SwiftTests/Info.plist";
				LD_RUNPATH_SEARCH_PATHS = "$(inherited) @executable_path/Frameworks @loader_path/Frameworks";
				METAL_ENABLE_DEBUG_INFO = YES;
				PRODUCT_NAME = "$(TARGET_NAME)";
				TEST_HOST = "$(BUNDLE_LOADER)";
			};
			name = Debug;
		};
		C47F8052193E627F00A57B51 /* Release */ = {
			isa = XCBuildConfiguration;
			buildSettings = {
				BUNDLE_LOADER = "$(BUILT_PRODUCTS_DIR)/Reddit Scan Swift.app/Reddit Scan Swift";
				FRAMEWORK_SEARCH_PATHS = (
					"$(SDKROOT)/Developer/Library/Frameworks",
					"$(inherited)",
				);
				INFOPLIST_FILE = "Reddit Scan SwiftTests/Info.plist";
				LD_RUNPATH_SEARCH_PATHS = "$(inherited) @executable_path/Frameworks @loader_path/Frameworks";
				METAL_ENABLE_DEBUG_INFO = NO;
				PRODUCT_NAME = "$(TARGET_NAME)";
				TEST_HOST = "$(BUNDLE_LOADER)";
			};
			name = Release;
		};
/* End XCBuildConfiguration section */

/* Begin XCConfigurationList section */
		C47F8031193E627F00A57B51 /* Build configuration list for PBXProject "Reddit Scan Swift" */ = {
			isa = XCConfigurationList;
			buildConfigurations = (
				C47F804B193E627F00A57B51 /* Debug */,
				C47F804C193E627F00A57B51 /* Release */,
			);
			defaultConfigurationIsVisible = 0;
			defaultConfigurationName = Release;
		};
		C47F804D193E627F00A57B51 /* Build configuration list for PBXNativeTarget "Reddit Scan Swift" */ = {
			isa = XCConfigurationList;
			buildConfigurations = (
				C47F804E193E627F00A57B51 /* Debug */,
				C47F804F193E627F00A57B51 /* Release */,
			);
			defaultConfigurationIsVisible = 0;
		};
		C47F8050193E627F00A57B51 /* Build configuration list for PBXNativeTarget "Reddit Scan SwiftTests" */ = {
			isa = XCConfigurationList;
			buildConfigurations = (
				C47F8051193E627F00A57B51 /* Debug */,
				C47F8052193E627F00A57B51 /* Release */,
			);
			defaultConfigurationIsVisible = 0;
		};
/* End XCConfigurationList section */
	};
	rootObject = C47F802E193E627F00A57B51 /* Project object */;
}
